
Microsoft Visual Studio Solution File, Format Version 12.00
# Visual Studio Version 17
VisualStudioVersion = 17.14.36301.6 d17.14
MinimumVisualStudioVersion = 10.0.40219.1
Project("{FAE04EC0-301F-11D3-BF4B-00C04F79EFBC}") = "Body Mass Index Calculator", "Body Mass Index Calculator\Body Mass Index Calculator.csproj", "{89558F66-CBDF-4948-84B9-3A075D5C3B9F}"
EndProject
Global
	GlobalSection(SolutionConfigurationPlatforms) = preSolution
		Debug|Any CPU = Debug|Any CPU
		Release|Any CPU = Release|Any CPU
	EndGlobalSection
	GlobalSection(ProjectConfigurationPlatforms) = postSolution
		{89558F66-CBDF-4948-84B9-3A075D5C3B9F}.Debug|Any CPU.ActiveCfg = Debug|Any CPU
		{89558F66-CBDF-4948-84B9-3A075D5C3B9F}.Debug|Any CPU.Build.0 = Debug|Any CPU
		{89558F66-CBDF-4948-84B9-3A075D5C3B9F}.Release|Any CPU.ActiveCfg = Release|Any CPU
		{89558F66-CBDF-4948-84B9-3A075D5C3B9F}.Release|Any CPU.Build.0 = Release|Any CPU
	EndGlobalSection
	GlobalSection(SolutionProperties) = preSolution
		HideSolutionNode = FALSE
	EndGlobalSection
	GlobalSection(ExtensibilityGlobals) = postSolution
		SolutionGuid = {B82C22AB-FCE2-43EC-89F8-EE13635BA486}
	EndGlobalSection
EndGlobal
