
Microsoft Visual Studio Solution File, Format Version 12.00
# Visual Studio Version 17
VisualStudioVersion = 17.14.36301.6 d17.14
MinimumVisualStudioVersion = 10.0.40219.1
Project("{FAE04EC0-301F-11D3-BF4B-00C04F79EFBC}") = "Alarm", "Alarm\Alarm.csproj", "{F2213F4D-87EB-41F7-A713-CD1C9766E1DB}"
EndProject
Global
	GlobalSection(SolutionConfigurationPlatforms) = preSolution
		Debug|Any CPU = Debug|Any CPU
		Release|Any CPU = Release|Any CPU
	EndGlobalSection
	GlobalSection(ProjectConfigurationPlatforms) = postSolution
		{F2213F4D-87EB-41F7-A713-CD1C9766E1DB}.Debug|Any CPU.ActiveCfg = Debug|Any CPU
		{F2213F4D-87EB-41F7-A713-CD1C9766E1DB}.Debug|Any CPU.Build.0 = Debug|Any CPU
		{F2213F4D-87EB-41F7-A713-CD1C9766E1DB}.Release|Any CPU.ActiveCfg = Release|Any CPU
		{F2213F4D-87EB-41F7-A713-CD1C9766E1DB}.Release|Any CPU.Build.0 = Release|Any CPU
	EndGlobalSection
	GlobalSection(SolutionProperties) = preSolution
		HideSolutionNode = FALSE
	EndGlobalSection
	GlobalSection(ExtensibilityGlobals) = postSolution
		SolutionGuid = {1D9FEDD3-6680-4E83-8E04-FDC2A5382256}
	EndGlobalSection
EndGlobal
